// !$*UTF8*$!
{
	archiveVersion = 1;
	classes = {
	};
	objectVersion = 56;
	objects = {

/* Begin PBXBuildFile section */
		3F1AF3EF2B038F2B002B08B3 /* fdsfsApp.swift in Sources */ = {isa = PBXBuildFile; fileRef = 3F1AF3EE2B038F2B002B08B3 /* fdsfsApp.swift */; };
		3F1AF3F12B038F2B002B08B3 /* ContentView.swift in Sources */ = {isa = PBXBuildFile; fileRef = 3F1AF3F02B038F2B002B08B3 /* ContentView.swift */; };
		3F1AF3F32B038F2C002B08B3 /* Assets.xcassets in Resources */ = {isa = PBXBuildFile; fileRef = 3F1AF3F22B038F2C002B08B3 /* Assets.xcassets */; };
		3F1AF3F62B038F2C002B08B3 /* Preview Assets.xcassets in Resources */ = {isa = PBXBuildFile; fileRef = 3F1AF3F52B038F2C002B08B3 /* Preview Assets.xcassets */; };
		3F1AF4002B038F2C002B08B3 /* fdsfsTests.swift in Sources */ = {isa = PBXBuildFile; fileRef = 3F1AF3FF2B038F2C002B08B3 /* fdsfsTests.swift */; };
		3F1AF40A2B038F2C002B08B3 /* fdsfsUITests.swift in Sources */ = {isa = PBXBuildFile; fileRef = 3F1AF4092B038F2C002B08B3 /* fdsfsUITests.swift */; };
		3F1AF40C2B038F2C002B08B3 /* fdsfsUITestsLaunchTests.swift in Sources */ = {isa = PBXBuildFile; fileRef = 3F1AF40B2B038F2C002B08B3 /* fdsfsUITestsLaunchTests.swift */; };
		3F1AF4192B038FA4002B08B3 /* ButtonView.swift in Sources */ = {isa = PBXBuildFile; fileRef = 3F1AF4182B038FA4002B08B3 /* ButtonView.swift */; };
		3F1AF41B2B038FB1002B08B3 /* CardView.swift in Sources */ = {isa = PBXBuildFile; fileRef = 3F1AF41A2B038FB1002B08B3 /* CardView.swift */; };
		3F1AF41D2B038FEC002B08B3 /* MemoGameModel.swift in Sources */ = {isa = PBXBuildFile; fileRef = 3F1AF41C2B038FEC002B08B3 /* MemoGameModel.swift */; };
		3F1AF41F2B039016002B08B3 /* MemoGameViewModel.swift in Sources */ = {isa = PBXBuildFile; fileRef = 3F1AF41E2B039016002B08B3 /* MemoGameViewModel.swift */; };
/* End PBXBuildFile section */

/* Begin PBXContainerItemProxy section */
		3F1AF3FC2B038F2C002B08B3 /* PBXContainerItemProxy */ = {
			isa = PBXContainerItemProxy;
			containerPortal = 3F1AF3E32B038F2B002B08B3 /* Project object */;
			proxyType = 1;
			remoteGlobalIDString = 3F1AF3EA2B038F2B002B08B3;
			remoteInfo = fdsfs;
		};
		3F1AF4062B038F2C002B08B3 /* PBXContainerItemProxy */ = {
			isa = PBXContainerItemProxy;
			containerPortal = 3F1AF3E32B038F2B002B08B3 /* Project object */;
			proxyType = 1;
			remoteGlobalIDString = 3F1AF3EA2B038F2B002B08B3;
			remoteInfo = fdsfs;
		};
/* End PBXContainerItemProxy section */

/* Begin PBXFileReference section */
		3F1AF3EB2B038F2B002B08B3 /* fdsfs.app */ = {isa = PBXFileReference; explicitFileType = wrapper.application; includeInIndex = 0; path = fdsfs.app; sourceTree = BUILT_PRODUCTS_DIR; };
		3F1AF3EE2B038F2B002B08B3 /* fdsfsApp.swift */ = {isa = PBXFileReference; lastKnownFileType = sourcecode.swift; path = fdsfsApp.swift; sourceTree = "<group>"; };
		3F1AF3F02B038F2B002B08B3 /* ContentView.swift */ = {isa = PBXFileReference; lastKnownFileType = sourcecode.swift; path = ContentView.swift; sourceTree = "<group>"; };
		3F1AF3F22B038F2C002B08B3 /* Assets.xcassets */ = {isa = PBXFileReference; lastKnownFileType = folder.assetcatalog; path = Assets.xcassets; sourceTree = "<group>"; };
		3F1AF3F52B038F2C002B08B3 /* Preview Assets.xcassets */ = {isa = PBXFileReference; lastKnownFileType = folder.assetcatalog; path = "Preview Assets.xcassets"; sourceTree = "<group>"; };
		3F1AF3FB2B038F2C002B08B3 /* fdsfsTests.xctest */ = {isa = PBXFileReference; explicitFileType = wrapper.cfbundle; includeInIndex = 0; path = fdsfsTests.xctest; sourceTree = BUILT_PRODUCTS_DIR; };
		3F1AF3FF2B038F2C002B08B3 /* fdsfsTests.swift */ = {isa = PBXFileReference; lastKnownFileType = sourcecode.swift; path = fdsfsTests.swift; sourceTree = "<group>"; };
		3F1AF4052B038F2C002B08B3 /* fdsfsUITests.xctest */ = {isa = PBXFileReference; explicitFileType = wrapper.cfbundle; includeInIndex = 0; path = fdsfsUITests.xctest; sourceTree = BUILT_PRODUCTS_DIR; };
		3F1AF4092B038F2C002B08B3 /* fdsfsUITests.swift */ = {isa = PBXFileReference; lastKnownFileType = sourcecode.swift; path = fdsfsUITests.swift; sourceTree = "<group>"; };
		3F1AF40B2B038F2C002B08B3 /* fdsfsUITestsLaunchTests.swift */ = {isa = PBXFileReference; lastKnownFileType = sourcecode.swift; path = fdsfsUITestsLaunchTests.swift; sourceTree = "<group>"; };
		3F1AF4182B038FA4002B08B3 /* ButtonView.swift */ = {isa = PBXFileReference; lastKnownFileType = sourcecode.swift; path = ButtonView.swift; sourceTree = "<group>"; };
		3F1AF41A2B038FB1002B08B3 /* CardView.swift */ = {isa = PBXFileReference; lastKnownFileType = sourcecode.swift; path = CardView.swift; sourceTree = "<group>"; };
		3F1AF41C2B038FEC002B08B3 /* MemoGameModel.swift */ = {isa = PBXFileReference; lastKnownFileType = sourcecode.swift; path = MemoGameModel.swift; sourceTree = "<group>"; };
		3F1AF41E2B039016002B08B3 /* MemoGameViewModel.swift */ = {isa = PBXFileReference; lastKnownFileType = sourcecode.swift; path = MemoGameViewModel.swift; sourceTree = "<group>"; };
/* End PBXFileReference section */

/* Begin PBXFrameworksBuildPhase section */
		3F1AF3E82B038F2B002B08B3 /* Frameworks */ = {
			isa = PBXFrameworksBuildPhase;
			buildActionMask = 2147483647;
			files = (
			);
			runOnlyForDeploymentPostprocessing = 0;
		};
		3F1AF3F82B038F2C002B08B3 /* Frameworks */ = {
			isa = PBXFrameworksBuildPhase;
			buildActionMask = 2147483647;
			files = (
			);
			runOnlyForDeploymentPostprocessing = 0;
		};
		3F1AF4022B038F2C002B08B3 /* Frameworks */ = {
			isa = PBXFrameworksBuildPhase;
			buildActionMask = 2147483647;
			files = (
			);
			runOnlyForDeploymentPostprocessing = 0;
		};
/* End PBXFrameworksBuildPhase section */

/* Begin PBXGroup section */
		3F1AF3E22B038F2B002B08B3 = {
			isa = PBXGroup;
			children = (
				3F1AF3ED2B038F2B002B08B3 /* fdsfs */,
				3F1AF3FE2B038F2C002B08B3 /* fdsfsTests */,
				3F1AF4082B038F2C002B08B3 /* fdsfsUITests */,
				3F1AF3EC2B038F2B002B08B3 /* Products */,
			);
			sourceTree = "<group>";
		};
		3F1AF3EC2B038F2B002B08B3 /* Products */ = {
			isa = PBXGroup;
			children = (
				3F1AF3EB2B038F2B002B08B3 /* fdsfs.app */,
				3F1AF3FB2B038F2C002B08B3 /* fdsfsTests.xctest */,
				3F1AF4052B038F2C002B08B3 /* fdsfsUITests.xctest */,
			);
			name = Products;
			sourceTree = "<group>";
		};
		3F1AF3ED2B038F2B002B08B3 /* fdsfs */ = {
			isa = PBXGroup;
			children = (
				3F1AF3EE2B038F2B002B08B3 /* fdsfsApp.swift */,
				3F1AF3F02B038F2B002B08B3 /* ContentView.swift */,
				3F1AF3F22B038F2C002B08B3 /* Assets.xcassets */,
				3F1AF3F42B038F2C002B08B3 /* Preview Content */,
				3F1AF4182B038FA4002B08B3 /* ButtonView.swift */,
				3F1AF41A2B038FB1002B08B3 /* CardView.swift */,
				3F1AF41C2B038FEC002B08B3 /* MemoGameModel.swift */,
				3F1AF41E2B039016002B08B3 /* MemoGameViewModel.swift */,
			);
			path = fdsfs;
			sourceTree = "<group>";
		};
		3F1AF3F42B038F2C002B08B3 /* Preview Content */ = {
			isa = PBXGroup;
			children = (
				3F1AF3F52B038F2C002B08B3 /* Preview Assets.xcassets */,
			);
			path = "Preview Content";
			sourceTree = "<group>";
		};
		3F1AF3FE2B038F2C002B08B3 /* fdsfsTests */ = {
			isa = PBXGroup;
			children = (
				3F1AF3FF2B038F2C002B08B3 /* fdsfsTests.swift */,
			);
			path = fdsfsTests;
			sourceTree = "<group>";
		};
		3F1AF4082B038F2C002B08B3 /* fdsfsUITests */ = {
			isa = PBXGroup;
			children = (
				3F1AF4092B038F2C002B08B3 /* fdsfsUITests.swift */,
				3F1AF40B2B038F2C002B08B3 /* fdsfsUITestsLaunchTests.swift */,
			);
			path = fdsfsUITests;
			sourceTree = "<group>";
		};
/* End PBXGroup section */

/* Begin PBXNativeTarget section */
		3F1AF3EA2B038F2B002B08B3 /* fdsfs */ = {
			isa = PBXNativeTarget;
			buildConfigurationList = 3F1AF40F2B038F2C002B08B3 /* Build configuration list for PBXNativeTarget "fdsfs" */;
			buildPhases = (
				3F1AF3E72B038F2B002B08B3 /* Sources */,
				3F1AF3E82B038F2B002B08B3 /* Frameworks */,
				3F1AF3E92B038F2B002B08B3 /* Resources */,
			);
			buildRules = (
			);
			dependencies = (
			);
			name = fdsfs;
			productName = fdsfs;
			productReference = 3F1AF3EB2B038F2B002B08B3 /* fdsfs.app */;
			productType = "com.apple.product-type.application";
		};
		3F1AF3FA2B038F2C002B08B3 /* fdsfsTests */ = {
			isa = PBXNativeTarget;
			buildConfigurationList = 3F1AF4122B038F2C002B08B3 /* Build configuration list for PBXNativeTarget "fdsfsTests" */;
			buildPhases = (
				3F1AF3F72B038F2C002B08B3 /* Sources */,
				3F1AF3F82B038F2C002B08B3 /* Frameworks */,
				3F1AF3F92B038F2C002B08B3 /* Resources */,
			);
			buildRules = (
			);
			dependencies = (
				3F1AF3FD2B038F2C002B08B3 /* PBXTargetDependency */,
			);
			name = fdsfsTests;
			productName = fdsfsTests;
			productReference = 3F1AF3FB2B038F2C002B08B3 /* fdsfsTests.xctest */;
			productType = "com.apple.product-type.bundle.unit-test";
		};
		3F1AF4042B038F2C002B08B3 /* fdsfsUITests */ = {
			isa = PBXNativeTarget;
			buildConfigurationList = 3F1AF4152B038F2C002B08B3 /* Build configuration list for PBXNativeTarget "fdsfsUITests" */;
			buildPhases = (
				3F1AF4012B038F2C002B08B3 /* Sources */,
				3F1AF4022B038F2C002B08B3 /* Frameworks */,
				3F1AF4032B038F2C002B08B3 /* Resources */,
			);
			buildRules = (
			);
			dependencies = (
				3F1AF4072B038F2C002B08B3 /* PBXTargetDependency */,
			);
			name = fdsfsUITests;
			productName = fdsfsUITests;
			productReference = 3F1AF4052B038F2C002B08B3 /* fdsfsUITests.xctest */;
			productType = "com.apple.product-type.bundle.ui-testing";
		};
/* End PBXNativeTarget section */

/* Begin PBXProject section */
		3F1AF3E32B038F2B002B08B3 /* Project object */ = {
			isa = PBXProject;
			attributes = {
				BuildIndependentTargetsInParallel = 1;
				LastSwiftUpdateCheck = 1500;
				LastUpgradeCheck = 1500;
				TargetAttributes = {
					3F1AF3EA2B038F2B002B08B3 = {
						CreatedOnToolsVersion = 15.0;
					};
					3F1AF3FA2B038F2C002B08B3 = {
						CreatedOnToolsVersion = 15.0;
						TestTargetID = 3F1AF3EA2B038F2B002B08B3;
					};
					3F1AF4042B038F2C002B08B3 = {
						CreatedOnToolsVersion = 15.0;
						TestTargetID = 3F1AF3EA2B038F2B002B08B3;
					};
				};
			};
			buildConfigurationList = 3F1AF3E62B038F2B002B08B3 /* Build configuration list for PBXProject "fdsfs" */;
			compatibilityVersion = "Xcode 14.0";
			developmentRegion = en;
			hasScannedForEncodings = 0;
			knownRegions = (
				en,
				Base,
			);
			mainGroup = 3F1AF3E22B038F2B002B08B3;
			productRefGroup = 3F1AF3EC2B038F2B002B08B3 /* Products */;
			projectDirPath = "";
			projectRoot = "";
			targets = (
				3F1AF3EA2B038F2B002B08B3 /* fdsfs */,
				3F1AF3FA2B038F2C002B08B3 /* fdsfsTests */,
				3F1AF4042B038F2C002B08B3 /* fdsfsUITests */,
			);
		};
/* End PBXProject section */

/* Begin PBXResourcesBuildPhase section */
		3F1AF3E92B038F2B002B08B3 /* Resources */ = {
			isa = PBXResourcesBuildPhase;
			buildActionMask = 2147483647;
			files = (
				3F1AF3F62B038F2C002B08B3 /* Preview Assets.xcassets in Resources */,
				3F1AF3F32B038F2C002B08B3 /* Assets.xcassets in Resources */,
			);
			runOnlyForDeploymentPostprocessing = 0;
		};
		3F1AF3F92B038F2C002B08B3 /* Resources */ = {
			isa = PBXResourcesBuildPhase;
			buildActionMask = 2147483647;
			files = (
			);
			runOnlyForDeploymentPostprocessing = 0;
		};
		3F1AF4032B038F2C002B08B3 /* Resources */ = {
			isa = PBXResourcesBuildPhase;
			buildActionMask = 2147483647;
			files = (
			);
			runOnlyForDeploymentPostprocessing = 0;
		};
/* End PBXResourcesBuildPhase section */

/* Begin PBXSourcesBuildPhase section */
		3F1AF3E72B038F2B002B08B3 /* Sources */ = {
			isa = PBXSourcesBuildPhase;
			buildActionMask = 2147483647;
			files = (
				3F1AF41D2B038FEC002B08B3 /* MemoGameModel.swift in Sources */,
				3F1AF3F12B038F2B002B08B3 /* ContentView.swift in Sources */,
				3F1AF41F2B039016002B08B3 /* MemoGameViewModel.swift in Sources */,
				3F1AF3EF2B038F2B002B08B3 /* fdsfsApp.swift in Sources */,
				3F1AF41B2B038FB1002B08B3 /* CardView.swift in Sources */,
				3F1AF4192B038FA4002B08B3 /* ButtonView.swift in Sources */,
			);
			runOnlyForDeploymentPostprocessing = 0;
		};
		3F1AF3F72B038F2C002B08B3 /* Sources */ = {
			isa = PBXSourcesBuildPhase;
			buildActionMask = 2147483647;
			files = (
				3F1AF4002B038F2C002B08B3 /* fdsfsTests.swift in Sources */,
			);
			runOnlyForDeploymentPostprocessing = 0;
		};
		3F1AF4012B038F2C002B08B3 /* Sources */ = {
			isa = PBXSourcesBuildPhase;
			buildActionMask = 2147483647;
			files = (
				3F1AF40A2B038F2C002B08B3 /* fdsfsUITests.swift in Sources */,
				3F1AF40C2B038F2C002B08B3 /* fdsfsUITestsLaunchTests.swift in Sources */,
			);
			runOnlyForDeploymentPostprocessing = 0;
		};
/* End PBXSourcesBuildPhase section */

/* Begin PBXTargetDependency section */
		3F1AF3FD2B038F2C002B08B3 /* PBXTargetDependency */ = {
			isa = PBXTargetDependency;
			target = 3F1AF3EA2B038F2B002B08B3 /* fdsfs */;
			targetProxy = 3F1AF3FC2B038F2C002B08B3 /* PBXContainerItemProxy */;
		};
		3F1AF4072B038F2C002B08B3 /* PBXTargetDependency */ = {
			isa = PBXTargetDependency;
			target = 3F1AF3EA2B038F2B002B08B3 /* fdsfs */;
			targetProxy = 3F1AF4062B038F2C002B08B3 /* PBXContainerItemProxy */;
		};
/* End PBXTargetDependency section */

/* Begin XCBuildConfiguration section */
		3F1AF40D2B038F2C002B08B3 /* Debug */ = {
			isa = XCBuildConfiguration;
			buildSettings = {
				ALWAYS_SEARCH_USER_PATHS = NO;
				ASSETCATALOG_COMPILER_GENERATE_SWIFT_ASSET_SYMBOL_EXTENSIONS = YES;
				CLANG_ANALYZER_NONNULL = YES;
				CLANG_ANALYZER_NUMBER_OBJECT_CONVERSION = YES_AGGRESSIVE;
				CLANG_CXX_LANGUAGE_STANDARD = "gnu++20";
				CLANG_ENABLE_MODULES = YES;
				CLANG_ENABLE_OBJC_ARC = YES;
				CLANG_ENABLE_OBJC_WEAK = YES;
				CLANG_WARN_BLOCK_CAPTURE_AUTORELEASING = YES;
				CLANG_WARN_BOOL_CONVERSION = YES;
				CLANG_WARN_COMMA = YES;
				CLANG_WARN_CONSTANT_CONVERSION = YES;
				CLANG_WARN_DEPRECATED_OBJC_IMPLEMENTATIONS = YES;
				CLANG_WARN_DIRECT_OBJC_ISA_USAGE = YES_ERROR;
				CLANG_WARN_DOCUMENTATION_COMMENTS = YES;
				CLANG_WARN_EMPTY_BODY = YES;
				CLANG_WARN_ENUM_CONVERSION = YES;
				CLANG_WARN_INFINITE_RECURSION = YES;
				CLANG_WARN_INT_CONVERSION = YES;
				CLANG_WARN_NON_LITERAL_NULL_CONVERSION = YES;
				CLANG_WARN_OBJC_IMPLICIT_RETAIN_SELF = YES;
				CLANG_WARN_OBJC_LITERAL_CONVERSION = YES;
				CLANG_WARN_OBJC_ROOT_CLASS = YES_ERROR;
				CLANG_WARN_QUOTED_INCLUDE_IN_FRAMEWORK_HEADER = YES;
				CLANG_WARN_RANGE_LOOP_ANALYSIS = YES;
				CLANG_WARN_STRICT_PROTOTYPES = YES;
				CLANG_WARN_SUSPICIOUS_MOVE = YES;
				CLANG_WARN_UNGUARDED_AVAILABILITY = YES_AGGRESSIVE;
				CLANG_WARN_UNREACHABLE_CODE = YES;
				CLANG_WARN__DUPLICATE_METHOD_MATCH = YES;
				COPY_PHASE_STRIP = NO;
				DEBUG_INFORMATION_FORMAT = dwarf;
				ENABLE_STRICT_OBJC_MSGSEND = YES;
				ENABLE_TESTABILITY = YES;
				ENABLE_USER_SCRIPT_SANDBOXING = YES;
				GCC_C_LANGUAGE_STANDARD = gnu17;
				GCC_DYNAMIC_NO_PIC = NO;
				GCC_NO_COMMON_BLOCKS = YES;
				GCC_OPTIMIZATION_LEVEL = 0;
				GCC_PREPROCESSOR_DEFINITIONS = (
					"DEBUG=1",
					"$(inherited)",
				);
				GCC_WARN_64_TO_32_BIT_CONVERSION = YES;
				GCC_WARN_ABOUT_RETURN_TYPE = YES_ERROR;
				GCC_WARN_UNDECLARED_SELECTOR = YES;
				GCC_WARN_UNINITIALIZED_AUTOS = YES_AGGRESSIVE;
				GCC_WARN_UNUSED_FUNCTION = YES;
				GCC_WARN_UNUSED_VARIABLE = YES;
				IPHONEOS_DEPLOYMENT_TARGET = 17.0;
				LOCALIZATION_PREFERS_STRING_CATALOGS = YES;
				MTL_ENABLE_DEBUG_INFO = INCLUDE_SOURCE;
				MTL_FAST_MATH = YES;
				ONLY_ACTIVE_ARCH = YES;
				SDKROOT = iphoneos;
				SWIFT_ACTIVE_COMPILATION_CONDITIONS = "DEBUG $(inherited)";
				SWIFT_OPTIMIZATION_LEVEL = "-Onone";
			};
			name = Debug;
		};
		3F1AF40E2B038F2C002B08B3 /* Release */ = {
			isa = XCBuildConfiguration;
			buildSettings = {
				ALWAYS_SEARCH_USER_PATHS = NO;
				ASSETCATALOG_COMPILER_GENERATE_SWIFT_ASSET_SYMBOL_EXTENSIONS = YES;
				CLANG_ANALYZER_NONNULL = YES;
				CLANG_ANALYZER_NUMBER_OBJECT_CONVERSION = YES_AGGRESSIVE;
				CLANG_CXX_LANGUAGE_STANDARD = "gnu++20";
				CLANG_ENABLE_MODULES = YES;
				CLANG_ENABLE_OBJC_ARC = YES;
				CLANG_ENABLE_OBJC_WEAK = YES;
				CLANG_WARN_BLOCK_CAPTURE_AUTORELEASING = YES;
				CLANG_WARN_BOOL_CONVERSION = YES;
				CLANG_WARN_COMMA = YES;
				CLANG_WARN_CONSTANT_CONVERSION = YES;
				CLANG_WARN_DEPRECATED_OBJC_IMPLEMENTATIONS = YES;
				CLANG_WARN_DIRECT_OBJC_ISA_USAGE = YES_ERROR;
				CLANG_WARN_DOCUMENTATION_COMMENTS = YES;
				CLANG_WARN_EMPTY_BODY = YES;
				CLANG_WARN_ENUM_CONVERSION = YES;
				CLANG_WARN_INFINITE_RECURSION = YES;
				CLANG_WARN_INT_CONVERSION = YES;
				CLANG_WARN_NON_LITERAL_NULL_CONVERSION = YES;
				CLANG_WARN_OBJC_IMPLICIT_RETAIN_SELF = YES;
				CLANG_WARN_OBJC_LITERAL_CONVERSION = YES;
				CLANG_WARN_OBJC_ROOT_CLASS = YES_ERROR;
				CLANG_WARN_QUOTED_INCLUDE_IN_FRAMEWORK_HEADER = YES;
				CLANG_WARN_RANGE_LOOP_ANALYSIS = YES;
				CLANG_WARN_STRICT_PROTOTYPES = YES;
				CLANG_WARN_SUSPICIOUS_MOVE = YES;
				CLANG_WARN_UNGUARDED_AVAILABILITY = YES_AGGRESSIVE;
				CLANG_WARN_UNREACHABLE_CODE = YES;
				CLANG_WARN__DUPLICATE_METHOD_MATCH = YES;
				COPY_PHASE_STRIP = NO;
				DEBUG_INFORMATION_FORMAT = "dwarf-with-dsym";
				ENABLE_NS_ASSERTIONS = NO;
				ENABLE_STRICT_OBJC_MSGSEND = YES;
				ENABLE_USER_SCRIPT_SANDBOXING = YES;
				GCC_C_LANGUAGE_STANDARD = gnu17;
				GCC_NO_COMMON_BLOCKS = YES;
				GCC_WARN_64_TO_32_BIT_CONVERSION = YES;
				GCC_WARN_ABOUT_RETURN_TYPE = YES_ERROR;
				GCC_WARN_UNDECLARED_SELECTOR = YES;
				GCC_WARN_UNINITIALIZED_AUTOS = YES_AGGRESSIVE;
				GCC_WARN_UNUSED_FUNCTION = YES;
				GCC_WARN_UNUSED_VARIABLE = YES;
				IPHONEOS_DEPLOYMENT_TARGET = 17.0;
				LOCALIZATION_PREFERS_STRING_CATALOGS = YES;
				MTL_ENABLE_DEBUG_INFO = NO;
				MTL_FAST_MATH = YES;
				SDKROOT = iphoneos;
				SWIFT_COMPILATION_MODE = wholemodule;
				VALIDATE_PRODUCT = YES;
			};
			name = Release;
		};
		3F1AF4102B038F2C002B08B3 /* Debug */ = {
			isa = XCBuildConfiguration;
			buildSettings = {
				ASSETCATALOG_COMPILER_APPICON_NAME = AppIcon;
				ASSETCATALOG_COMPILER_GLOBAL_ACCENT_COLOR_NAME = AccentColor;
				CODE_SIGN_STYLE = Automatic;
				CURRENT_PROJECT_VERSION = 1;
				DEVELOPMENT_ASSET_PATHS = "\"fdsfs/Preview Content\"";
				ENABLE_PREVIEWS = YES;
				GENERATE_INFOPLIST_FILE = YES;
				INFOPLIST_KEY_UIApplicationSceneManifest_Generation = YES;
				INFOPLIST_KEY_UIApplicationSupportsIndirectInputEvents = YES;
				INFOPLIST_KEY_UILaunchScreen_Generation = YES;
				INFOPLIST_KEY_UISupportedInterfaceOrientations_iPad = "UIInterfaceOrientationPortrait UIInterfaceOrientationPortraitUpsideDown UIInterfaceOrientationLandscapeLeft UIInterfaceOrientationLandscapeRight";
				INFOPLIST_KEY_UISupportedInterfaceOrientations_iPhone = "UIInterfaceOrientationPortrait UIInterfaceOrientationLandscapeLeft UIInterfaceOrientationLandscapeRight";
				LD_RUNPATH_SEARCH_PATHS = (
					"$(inherited)",
					"@executable_path/Frameworks",
				);
				MARKETING_VERSION = 1.0;
				PRODUCT_BUNDLE_IDENTIFIER = lab.fdsfs;
				PRODUCT_NAME = "$(TARGET_NAME)";
				SWIFT_EMIT_LOC_STRINGS = YES;
				SWIFT_VERSION = 5.0;
				TARGETED_DEVICE_FAMILY = "1,2";
			};
			name = Debug;
		};
		3F1AF4112B038F2C002B08B3 /* Release */ = {
			isa = XCBuildConfiguration;
			buildSettings = {
				ASSETCATALOG_COMPILER_APPICON_NAME = AppIcon;
				ASSETCATALOG_COMPILER_GLOBAL_ACCENT_COLOR_NAME = AccentColor;
				CODE_SIGN_STYLE = Automatic;
				CURRENT_PROJECT_VERSION = 1;
				DEVELOPMENT_ASSET_PATHS = "\"fdsfs/Preview Content\"";
				ENABLE_PREVIEWS = YES;
				GENERATE_INFOPLIST_FILE = YES;
				INFOPLIST_KEY_UIApplicationSceneManifest_Generation = YES;
				INFOPLIST_KEY_UIApplicationSupportsIndirectInputEvents = YES;
				INFOPLIST_KEY_UILaunchScreen_Generation = YES;
				INFOPLIST_KEY_UISupportedInterfaceOrientations_iPad = "UIInterfaceOrientationPortrait UIInterfaceOrientationPortraitUpsideDown UIInterfaceOrientationLandscapeLeft UIInterfaceOrientationLandscapeRight";
				INFOPLIST_KEY_UISupportedInterfaceOrientations_iPhone = "UIInterfaceOrientationPortrait UIInterfaceOrientationLandscapeLeft UIInterfaceOrientationLandscapeRight";
				LD_RUNPATH_SEARCH_PATHS = (
					"$(inherited)",
					"@executable_path/Frameworks",
				);
				MARKETING_VERSION = 1.0;
				PRODUCT_BUNDLE_IDENTIFIER = lab.fdsfs;
				PRODUCT_NAME = "$(TARGET_NAME)";
				SWIFT_EMIT_LOC_STRINGS = YES;
				SWIFT_VERSION = 5.0;
				TARGETED_DEVICE_FAMILY = "1,2";
			};
			name = Release;
		};
		3F1AF4132B038F2C002B08B3 /* Debug */ = {
			isa = XCBuildConfiguration;
			buildSettings = {
				ALWAYS_EMBED_SWIFT_STANDARD_LIBRARIES = YES;
				BUNDLE_LOADER = "$(TEST_HOST)";
				CODE_SIGN_STYLE = Automatic;
				CURRENT_PROJECT_VERSION = 1;
				GENERATE_INFOPLIST_FILE = YES;
				IPHONEOS_DEPLOYMENT_TARGET = 17.0;
				MARKETING_VERSION = 1.0;
				PRODUCT_BUNDLE_IDENTIFIER = lab.fdsfsTests;
				PRODUCT_NAME = "$(TARGET_NAME)";
				SWIFT_EMIT_LOC_STRINGS = NO;
				SWIFT_VERSION = 5.0;
				TARGETED_DEVICE_FAMILY = "1,2";
				TEST_HOST = "$(BUILT_PRODUCTS_DIR)/fdsfs.app/$(BUNDLE_EXECUTABLE_FOLDER_PATH)/fdsfs";
			};
			name = Debug;
		};
		3F1AF4142B038F2C002B08B3 /* Release */ = {
			isa = XCBuildConfiguration;
			buildSettings = {
				ALWAYS_EMBED_SWIFT_STANDARD_LIBRARIES = YES;
				BUNDLE_LOADER = "$(TEST_HOST)";
				CODE_SIGN_STYLE = Automatic;
				CURRENT_PROJECT_VERSION = 1;
				GENERATE_INFOPLIST_FILE = YES;
				IPHONEOS_DEPLOYMENT_TARGET = 17.0;
				MARKETING_VERSION = 1.0;
				PRODUCT_BUNDLE_IDENTIFIER = lab.fdsfsTests;
				PRODUCT_NAME = "$(TARGET_NAME)";
				SWIFT_EMIT_LOC_STRINGS = NO;
				SWIFT_VERSION = 5.0;
				TARGETED_DEVICE_FAMILY = "1,2";
				TEST_HOST = "$(BUILT_PRODUCTS_DIR)/fdsfs.app/$(BUNDLE_EXECUTABLE_FOLDER_PATH)/fdsfs";
			};
			name = Release;
		};
		3F1AF4162B038F2C002B08B3 /* Debug */ = {
			isa = XCBuildConfiguration;
			buildSettings = {
				ALWAYS_EMBED_SWIFT_STANDARD_LIBRARIES = YES;
				CODE_SIGN_STYLE = Automatic;
				CURRENT_PROJECT_VERSION = 1;
				GENERATE_INFOPLIST_FILE = YES;
				MARKETING_VERSION = 1.0;
				PRODUCT_BUNDLE_IDENTIFIER = lab.fdsfsUITests;
				PRODUCT_NAME = "$(TARGET_NAME)";
				SWIFT_EMIT_LOC_STRINGS = NO;
				SWIFT_VERSION = 5.0;
				TARGETED_DEVICE_FAMILY = "1,2";
				TEST_TARGET_NAME = fdsfs;
			};
			name = Debug;
		};
		3F1AF4172B038F2C002B08B3 /* Release */ = {
			isa = XCBuildConfiguration;
			buildSettings = {
				ALWAYS_EMBED_SWIFT_STANDARD_LIBRARIES = YES;
				CODE_SIGN_STYLE = Automatic;
				CURRENT_PROJECT_VERSION = 1;
				GENERATE_INFOPLIST_FILE = YES;
				MARKETING_VERSION = 1.0;
				PRODUCT_BUNDLE_IDENTIFIER = lab.fdsfsUITests;
				PRODUCT_NAME = "$(TARGET_NAME)";
				SWIFT_EMIT_LOC_STRINGS = NO;
				SWIFT_VERSION = 5.0;
				TARGETED_DEVICE_FAMILY = "1,2";
				TEST_TARGET_NAME = fdsfs;
			};
			name = Release;
		};
/* End XCBuildConfiguration section */

/* Begin XCConfigurationList section */
		3F1AF3E62B038F2B002B08B3 /* Build configuration list for PBXProject "fdsfs" */ = {
			isa = XCConfigurationList;
			buildConfigurations = (
				3F1AF40D2B038F2C002B08B3 /* Debug */,
				3F1AF40E2B038F2C002B08B3 /* Release */,
			);
			defaultConfigurationIsVisible = 0;
			defaultConfigurationName = Release;
		};
		3F1AF40F2B038F2C002B08B3 /* Build configuration list for PBXNativeTarget "fdsfs" */ = {
			isa = XCConfigurationList;
			buildConfigurations = (
				3F1AF4102B038F2C002B08B3 /* Debug */,
				3F1AF4112B038F2C002B08B3 /* Release */,
			);
			defaultConfigurationIsVisible = 0;
			defaultConfigurationName = Release;
		};
		3F1AF4122B038F2C002B08B3 /* Build configuration list for PBXNativeTarget "fdsfsTests" */ = {
			isa = XCConfigurationList;
			buildConfigurations = (
				3F1AF4132B038F2C002B08B3 /* Debug */,
				3F1AF4142B038F2C002B08B3 /* Release */,
			);
			defaultConfigurationIsVisible = 0;
			defaultConfigurationName = Release;
		};
		3F1AF4152B038F2C002B08B3 /* Build configuration list for PBXNativeTarget "fdsfsUITests" */ = {
			isa = XCConfigurationList;
			buildConfigurations = (
				3F1AF4162B038F2C002B08B3 /* Debug */,
				3F1AF4172B038F2C002B08B3 /* Release */,
			);
			defaultConfigurationIsVisible = 0;
			defaultConfigurationName = Release;
		};
/* End XCConfigurationList section */
	};
	rootObject = 3F1AF3E32B038F2B002B08B3 /* Project object */;
}
